
Microsoft Visual Studio Solution File, Format Version 12.00
# Visual Studio 14
VisualStudioVersion = 14.0.24720.0
MinimumVisualStudioVersion = 10.0.40219.1
Project("{2150E333-8FDC-42A3-9474-1A3956D46DE8}") = "Vox", "Vox", "{5FF6DBF9-CBD2-492B-BF3F-BB4C174B6E11}"
EndProject
Project("{D954291E-2A0B-460D-934E-DC6B0785DB48}") = "Vox.Shared", "Vox\Vox.Shared\Vox.Shared.shproj", "{28A6B9CA-C5FE-4A10-9DFA-AEF981EF7317}"
EndProject
Project("{FAE04EC0-301F-11D3-BF4B-00C04F79EFBC}") = "Vox.Windows", "Vox\Vox.Windows\Vox.Windows.csproj", "{CC28CA47-F1A3-42D9-B3EE-293F2355E679}"
EndProject
Project("{FAE04EC0-301F-11D3-BF4B-00C04F79EFBC}") = "Vox.WindowsPhone", "Vox\Vox.WindowsPhone\Vox.WindowsPhone.csproj", "{4C8C70E3-2DAA-45E3-8DFD-0785163810E6}"
EndProject
Project("{2150E333-8FDC-42A3-9474-1A3956D46DE8}") = "Testing", "Testing", "{1C2A5447-39DF-457C-9060-4C14BED71111}"
EndProject
Project("{FAE04EC0-301F-11D3-BF4B-00C04F79EFBC}") = "VoxTestingWindowsUI", "VoxTestingWindowsUI\VoxTestingWindowsUI.csproj", "{54EBBEE9-06CD-4196-81A8-59EE2174B7D0}"
EndProject
Project("{FAE04EC0-301F-11D3-BF4B-00C04F79EFBC}") = "VoxTestingWIndowsPhoneUI", "VoxTestingWIndowsPhoneUI\VoxTestingWIndowsPhoneUI.csproj", "{9A08F46B-4169-4389-80C7-2285F11D9078}"
EndProject
Project("{FAE04EC0-301F-11D3-BF4B-00C04F79EFBC}") = "WinRTLogger", "WinRTLogger\WinRTLogger.csproj", "{77163FF1-4BF9-40A3-A1CC-688B82C779EB}"
EndProject
Global
	GlobalSection(SharedMSBuildProjectFiles) = preSolution
		Vox\Vox.Shared\Vox.Shared.projitems*{cc28ca47-f1a3-42d9-b3ee-293f2355e679}*SharedItemsImports = 4
		Vox\Vox.Shared\Vox.Shared.projitems*{28a6b9ca-c5fe-4a10-9dfa-aef981ef7317}*SharedItemsImports = 13
		Vox\Vox.Shared\Vox.Shared.projitems*{4c8c70e3-2daa-45e3-8dfd-0785163810e6}*SharedItemsImports = 4
	EndGlobalSection
	GlobalSection(SolutionConfigurationPlatforms) = preSolution
		Debug|Any CPU = Debug|Any CPU
		Debug|ARM = Debug|ARM
		Debug|x64 = Debug|x64
		Debug|x86 = Debug|x86
		Release|Any CPU = Release|Any CPU
		Release|ARM = Release|ARM
		Release|x64 = Release|x64
		Release|x86 = Release|x86
	EndGlobalSection
	GlobalSection(ProjectConfigurationPlatforms) = postSolution
		{CC28CA47-F1A3-42D9-B3EE-293F2355E679}.Debug|Any CPU.ActiveCfg = Debug|Any CPU
		{CC28CA47-F1A3-42D9-B3EE-293F2355E679}.Debug|Any CPU.Build.0 = Debug|Any CPU
		{CC28CA47-F1A3-42D9-B3EE-293F2355E679}.Debug|Any CPU.Deploy.0 = Debug|Any CPU
		{CC28CA47-F1A3-42D9-B3EE-293F2355E679}.Debug|ARM.ActiveCfg = Debug|ARM
		{CC28CA47-F1A3-42D9-B3EE-293F2355E679}.Debug|ARM.Build.0 = Debug|ARM
		{CC28CA47-F1A3-42D9-B3EE-293F2355E679}.Debug|ARM.Deploy.0 = Debug|ARM
		{CC28CA47-F1A3-42D9-B3EE-293F2355E679}.Debug|x64.ActiveCfg = Debug|x64
		{CC28CA47-F1A3-42D9-B3EE-293F2355E679}.Debug|x64.Build.0 = Debug|x64
		{CC28CA47-F1A3-42D9-B3EE-293F2355E679}.Debug|x64.Deploy.0 = Debug|x64
		{CC28CA47-F1A3-42D9-B3EE-293F2355E679}.Debug|x86.ActiveCfg = Debug|x86
		{CC28CA47-F1A3-42D9-B3EE-293F2355E679}.Debug|x86.Build.0 = Debug|x86
		{CC28CA47-F1A3-42D9-B3EE-293F2355E679}.Debug|x86.Deploy.0 = Debug|x86
		{CC28CA47-F1A3-42D9-B3EE-293F2355E679}.Release|Any CPU.ActiveCfg = Release|Any CPU
		{CC28CA47-F1A3-42D9-B3EE-293F2355E679}.Release|Any CPU.Build.0 = Release|Any CPU
		{CC28CA47-F1A3-42D9-B3EE-293F2355E679}.Release|Any CPU.Deploy.0 = Release|Any CPU
		{CC28CA47-F1A3-42D9-B3EE-293F2355E679}.Release|ARM.ActiveCfg = Release|ARM
		{CC28CA47-F1A3-42D9-B3EE-293F2355E679}.Release|ARM.Build.0 = Release|ARM
		{CC28CA47-F1A3-42D9-B3EE-293F2355E679}.Release|ARM.Deploy.0 = Release|ARM
		{CC28CA47-F1A3-42D9-B3EE-293F2355E679}.Release|x64.ActiveCfg = Release|x64
		{CC28CA47-F1A3-42D9-B3EE-293F2355E679}.Release|x64.Build.0 = Release|x64
		{CC28CA47-F1A3-42D9-B3EE-293F2355E679}.Release|x64.Deploy.0 = Release|x64
		{CC28CA47-F1A3-42D9-B3EE-293F2355E679}.Release|x86.ActiveCfg = Release|x86
		{CC28CA47-F1A3-42D9-B3EE-293F2355E679}.Release|x86.Build.0 = Release|x86
		{CC28CA47-F1A3-42D9-B3EE-293F2355E679}.Release|x86.Deploy.0 = Release|x86
		{4C8C70E3-2DAA-45E3-8DFD-0785163810E6}.Debug|Any CPU.ActiveCfg = Debug|Any CPU
		{4C8C70E3-2DAA-45E3-8DFD-0785163810E6}.Debug|Any CPU.Build.0 = Debug|Any CPU
		{4C8C70E3-2DAA-45E3-8DFD-0785163810E6}.Debug|Any CPU.Deploy.0 = Debug|Any CPU
		{4C8C70E3-2DAA-45E3-8DFD-0785163810E6}.Debug|ARM.ActiveCfg = Debug|ARM
		{4C8C70E3-2DAA-45E3-8DFD-0785163810E6}.Debug|ARM.Build.0 = Debug|ARM
		{4C8C70E3-2DAA-45E3-8DFD-0785163810E6}.Debug|ARM.Deploy.0 = Debug|ARM
		{4C8C70E3-2DAA-45E3-8DFD-0785163810E6}.Debug|x64.ActiveCfg = Debug|Any CPU
		{4C8C70E3-2DAA-45E3-8DFD-0785163810E6}.Debug|x64.Build.0 = Debug|Any CPU
		{4C8C70E3-2DAA-45E3-8DFD-0785163810E6}.Debug|x64.Deploy.0 = Debug|Any CPU
		{4C8C70E3-2DAA-45E3-8DFD-0785163810E6}.Debug|x86.ActiveCfg = Debug|x86
		{4C8C70E3-2DAA-45E3-8DFD-0785163810E6}.Debug|x86.Build.0 = Debug|x86
		{4C8C70E3-2DAA-45E3-8DFD-0785163810E6}.Debug|x86.Deploy.0 = Debug|x86
		{4C8C70E3-2DAA-45E3-8DFD-0785163810E6}.Release|Any CPU.ActiveCfg = Release|Any CPU
		{4C8C70E3-2DAA-45E3-8DFD-0785163810E6}.Release|Any CPU.Build.0 = Release|Any CPU
		{4C8C70E3-2DAA-45E3-8DFD-0785163810E6}.Release|Any CPU.Deploy.0 = Release|Any CPU
		{4C8C70E3-2DAA-45E3-8DFD-0785163810E6}.Release|ARM.ActiveCfg = Release|ARM
		{4C8C70E3-2DAA-45E3-8DFD-0785163810E6}.Release|ARM.Build.0 = Release|ARM
		{4C8C70E3-2DAA-45E3-8DFD-0785163810E6}.Release|ARM.Deploy.0 = Release|ARM
		{4C8C70E3-2DAA-45E3-8DFD-0785163810E6}.Release|x64.ActiveCfg = Release|Any CPU
		{4C8C70E3-2DAA-45E3-8DFD-0785163810E6}.Release|x64.Build.0 = Release|Any CPU
		{4C8C70E3-2DAA-45E3-8DFD-0785163810E6}.Release|x64.Deploy.0 = Release|Any CPU
		{4C8C70E3-2DAA-45E3-8DFD-0785163810E6}.Release|x86.ActiveCfg = Release|x86
		{4C8C70E3-2DAA-45E3-8DFD-0785163810E6}.Release|x86.Build.0 = Release|x86
		{4C8C70E3-2DAA-45E3-8DFD-0785163810E6}.Release|x86.Deploy.0 = Release|x86
		{54EBBEE9-06CD-4196-81A8-59EE2174B7D0}.Debug|Any CPU.ActiveCfg = Debug|Any CPU
		{54EBBEE9-06CD-4196-81A8-59EE2174B7D0}.Debug|Any CPU.Build.0 = Debug|Any CPU
		{54EBBEE9-06CD-4196-81A8-59EE2174B7D0}.Debug|ARM.ActiveCfg = Debug|Any CPU
		{54EBBEE9-06CD-4196-81A8-59EE2174B7D0}.Debug|ARM.Build.0 = Debug|Any CPU
		{54EBBEE9-06CD-4196-81A8-59EE2174B7D0}.Debug|x64.ActiveCfg = Debug|Any CPU
		{54EBBEE9-06CD-4196-81A8-59EE2174B7D0}.Debug|x64.Build.0 = Debug|Any CPU
		{54EBBEE9-06CD-4196-81A8-59EE2174B7D0}.Debug|x86.ActiveCfg = Debug|Any CPU
		{54EBBEE9-06CD-4196-81A8-59EE2174B7D0}.Debug|x86.Build.0 = Debug|Any CPU
		{54EBBEE9-06CD-4196-81A8-59EE2174B7D0}.Release|Any CPU.ActiveCfg = Release|Any CPU
		{54EBBEE9-06CD-4196-81A8-59EE2174B7D0}.Release|Any CPU.Build.0 = Release|Any CPU
		{54EBBEE9-06CD-4196-81A8-59EE2174B7D0}.Release|ARM.ActiveCfg = Release|Any CPU
		{54EBBEE9-06CD-4196-81A8-59EE2174B7D0}.Release|ARM.Build.0 = Release|Any CPU
		{54EBBEE9-06CD-4196-81A8-59EE2174B7D0}.Release|x64.ActiveCfg = Release|Any CPU
		{54EBBEE9-06CD-4196-81A8-59EE2174B7D0}.Release|x64.Build.0 = Release|Any CPU
		{54EBBEE9-06CD-4196-81A8-59EE2174B7D0}.Release|x86.ActiveCfg = Release|Any CPU
		{54EBBEE9-06CD-4196-81A8-59EE2174B7D0}.Release|x86.Build.0 = Release|Any CPU
		{9A08F46B-4169-4389-80C7-2285F11D9078}.Debug|Any CPU.ActiveCfg = Debug|Any CPU
		{9A08F46B-4169-4389-80C7-2285F11D9078}.Debug|Any CPU.Build.0 = Debug|Any CPU
		{9A08F46B-4169-4389-80C7-2285F11D9078}.Debug|ARM.ActiveCfg = Debug|Any CPU
		{9A08F46B-4169-4389-80C7-2285F11D9078}.Debug|ARM.Build.0 = Debug|Any CPU
		{9A08F46B-4169-4389-80C7-2285F11D9078}.Debug|x64.ActiveCfg = Debug|Any CPU
		{9A08F46B-4169-4389-80C7-2285F11D9078}.Debug|x64.Build.0 = Debug|Any CPU
		{9A08F46B-4169-4389-80C7-2285F11D9078}.Debug|x86.ActiveCfg = Debug|Any CPU
		{9A08F46B-4169-4389-80C7-2285F11D9078}.Debug|x86.Build.0 = Debug|Any CPU
		{9A08F46B-4169-4389-80C7-2285F11D9078}.Release|Any CPU.ActiveCfg = Release|Any CPU
		{9A08F46B-4169-4389-80C7-2285F11D9078}.Release|Any CPU.Build.0 = Release|Any CPU
		{9A08F46B-4169-4389-80C7-2285F11D9078}.Release|ARM.ActiveCfg = Release|Any CPU
		{9A08F46B-4169-4389-80C7-2285F11D9078}.Release|ARM.Build.0 = Release|Any CPU
		{9A08F46B-4169-4389-80C7-2285F11D9078}.Release|x64.ActiveCfg = Release|Any CPU
		{9A08F46B-4169-4389-80C7-2285F11D9078}.Release|x64.Build.0 = Release|Any CPU
		{9A08F46B-4169-4389-80C7-2285F11D9078}.Release|x86.ActiveCfg = Release|Any CPU
		{9A08F46B-4169-4389-80C7-2285F11D9078}.Release|x86.Build.0 = Release|Any CPU
		{77163FF1-4BF9-40A3-A1CC-688B82C779EB}.Debug|Any CPU.ActiveCfg = Debug|Any CPU
		{77163FF1-4BF9-40A3-A1CC-688B82C779EB}.Debug|Any CPU.Build.0 = Debug|Any CPU
		{77163FF1-4BF9-40A3-A1CC-688B82C779EB}.Debug|ARM.ActiveCfg = Debug|Any CPU
		{77163FF1-4BF9-40A3-A1CC-688B82C779EB}.Debug|ARM.Build.0 = Debug|Any CPU
		{77163FF1-4BF9-40A3-A1CC-688B82C779EB}.Debug|x64.ActiveCfg = Debug|Any CPU
		{77163FF1-4BF9-40A3-A1CC-688B82C779EB}.Debug|x64.Build.0 = Debug|Any CPU
		{77163FF1-4BF9-40A3-A1CC-688B82C779EB}.Debug|x86.ActiveCfg = Debug|Any CPU
		{77163FF1-4BF9-40A3-A1CC-688B82C779EB}.Debug|x86.Build.0 = Debug|Any CPU
		{77163FF1-4BF9-40A3-A1CC-688B82C779EB}.Release|Any CPU.ActiveCfg = Release|Any CPU
		{77163FF1-4BF9-40A3-A1CC-688B82C779EB}.Release|Any CPU.Build.0 = Release|Any CPU
		{77163FF1-4BF9-40A3-A1CC-688B82C779EB}.Release|ARM.ActiveCfg = Release|Any CPU
		{77163FF1-4BF9-40A3-A1CC-688B82C779EB}.Release|ARM.Build.0 = Release|Any CPU
		{77163FF1-4BF9-40A3-A1CC-688B82C779EB}.Release|x64.ActiveCfg = Release|Any CPU
		{77163FF1-4BF9-40A3-A1CC-688B82C779EB}.Release|x64.Build.0 = Release|Any CPU
		{77163FF1-4BF9-40A3-A1CC-688B82C779EB}.Release|x86.ActiveCfg = Release|Any CPU
		{77163FF1-4BF9-40A3-A1CC-688B82C779EB}.Release|x86.Build.0 = Release|Any CPU
	EndGlobalSection
	GlobalSection(SolutionProperties) = preSolution
		HideSolutionNode = FALSE
	EndGlobalSection
	GlobalSection(NestedProjects) = preSolution
		{28A6B9CA-C5FE-4A10-9DFA-AEF981EF7317} = {5FF6DBF9-CBD2-492B-BF3F-BB4C174B6E11}
		{CC28CA47-F1A3-42D9-B3EE-293F2355E679} = {5FF6DBF9-CBD2-492B-BF3F-BB4C174B6E11}
		{4C8C70E3-2DAA-45E3-8DFD-0785163810E6} = {5FF6DBF9-CBD2-492B-BF3F-BB4C174B6E11}
		{54EBBEE9-06CD-4196-81A8-59EE2174B7D0} = {1C2A5447-39DF-457C-9060-4C14BED71111}
		{9A08F46B-4169-4389-80C7-2285F11D9078} = {1C2A5447-39DF-457C-9060-4C14BED71111}
	EndGlobalSection
EndGlobal
